
Microsoft Visual Studio Solution File, Format Version 12.00
# Visual Studio Version 16
VisualStudioVersion = 16.0.31112.23
MinimumVisualStudioVersion = 10.0.40219.1
Project("{FAE04EC0-301F-11D3-BF4B-00C04F79EFBC}") = "Demo", "Demo\Demo.csproj", "{ACFCA588-C805-404B-B5A7-2429A5E07DCA}"
EndProject
Global
	GlobalSection(SolutionConfigurationPlatforms) = preSolution
		Debug|Any CPU = Debug|Any CPU
		Release|Any CPU = Release|Any CPU
	EndGlobalSection
	GlobalSection(ProjectConfigurationPlatforms) = postSolution
		{ACFCA588-C805-404B-B5A7-2429A5E07DCA}.Debug|Any CPU.ActiveCfg = Debug|Any CPU
		{ACFCA588-C805-404B-B5A7-2429A5E07DCA}.Debug|Any CPU.Build.0 = Debug|Any CPU
		{ACFCA588-C805-404B-B5A7-2429A5E07DCA}.Release|Any CPU.ActiveCfg = Release|Any CPU
		{ACFCA588-C805-404B-B5A7-2429A5E07DCA}.Release|Any CPU.Build.0 = Release|Any CPU
	EndGlobalSection
	GlobalSection(SolutionProperties) = preSolution
		HideSolutionNode = FALSE
	EndGlobalSection
	GlobalSection(ExtensibilityGlobals) = postSolution
		SolutionGuid = {EEDC90F0-2F71-432D-860C-79859267BF5A}
	EndGlobalSection
EndGlobal
